
Microsoft Visual Studio Solution File, Format Version 12.00
# Visual Studio 15
VisualStudioVersion = 15.0.27703.2047
MinimumVisualStudioVersion = 10.0.40219.1
Project("{2150E333-8FDC-42A3-9474-1A3956D46DE8}") = "BLL", "BLL", "{56D95E41-148B-4597-96C1-A8DF85CE371D}"
EndProject
Project("{2150E333-8FDC-42A3-9474-1A3956D46DE8}") = "DAL", "DAL", "{455FF65C-EA97-4F6D-BF13-8059EA7F610A}"
EndProject
Project("{2150E333-8FDC-42A3-9474-1A3956D46DE8}") = "COMON", "COMON", "{47C3CAB2-F842-4AB2-BDB7-984DEFB9EBD4}"
EndProject
Project("{FAE04EC0-301F-11D3-BF4B-00C04F79EFBC}") = "BussinessLogic", "BussinessLogic\BussinessLogic.csproj", "{897C92A9-573B-41E5-B941-47ED4C6CB5F5}"
	ProjectSection(ProjectDependencies) = postProject
		{85B67E28-7684-4F1C-8901-CB7C1B92BBB5} = {85B67E28-7684-4F1C-8901-CB7C1B92BBB5}
		{245B3032-4DB2-4761-A141-CC54AFB82A7A} = {245B3032-4DB2-4761-A141-CC54AFB82A7A}
		{25E807D0-BFE8-4A56-8328-8BB16553BE16} = {25E807D0-BFE8-4A56-8328-8BB16553BE16}
	EndProjectSection
EndProject
Project("{FAE04EC0-301F-11D3-BF4B-00C04F79EFBC}") = "BussinessLogic.Interface", "BussinessLogic.Interface\BussinessLogic.Interface.csproj", "{85B67E28-7684-4F1C-8901-CB7C1B92BBB5}"
	ProjectSection(ProjectDependencies) = postProject
		{25E807D0-BFE8-4A56-8328-8BB16553BE16} = {25E807D0-BFE8-4A56-8328-8BB16553BE16}
	EndProjectSection
EndProject
Project("{FAE04EC0-301F-11D3-BF4B-00C04F79EFBC}") = "Entities", "Entities\Entities.csproj", "{25E807D0-BFE8-4A56-8328-8BB16553BE16}"
EndProject
Project("{FAE04EC0-301F-11D3-BF4B-00C04F79EFBC}") = "DAL", "DAL\DAL.csproj", "{245B3032-4DB2-4761-A141-CC54AFB82A7A}"
	ProjectSection(ProjectDependencies) = postProject
		{25E807D0-BFE8-4A56-8328-8BB16553BE16} = {25E807D0-BFE8-4A56-8328-8BB16553BE16}
		{DAF70BFF-33A6-48D2-BC11-59AEE617421E} = {DAF70BFF-33A6-48D2-BC11-59AEE617421E}
	EndProjectSection
EndProject
Project("{FAE04EC0-301F-11D3-BF4B-00C04F79EFBC}") = "DAL.Interface", "DAL.Interface\DAL.Interface.csproj", "{DAF70BFF-33A6-48D2-BC11-59AEE617421E}"
	ProjectSection(ProjectDependencies) = postProject
		{25E807D0-BFE8-4A56-8328-8BB16553BE16} = {25E807D0-BFE8-4A56-8328-8BB16553BE16}
	EndProjectSection
EndProject
Project("{2150E333-8FDC-42A3-9474-1A3956D46DE8}") = "Interface", "Interface", "{342473A4-3877-405C-9C76-9D75F78E45FC}"
EndProject
Project("{FAE04EC0-301F-11D3-BF4B-00C04F79EFBC}") = "Interface", "Interface\Interface.csproj", "{F43C23AE-7453-44BE-8F1C-16B6748337D5}"
EndProject
Global
	GlobalSection(SolutionConfigurationPlatforms) = preSolution
		Debug|Any CPU = Debug|Any CPU
		Release|Any CPU = Release|Any CPU
	EndGlobalSection
	GlobalSection(ProjectConfigurationPlatforms) = postSolution
		{897C92A9-573B-41E5-B941-47ED4C6CB5F5}.Debug|Any CPU.ActiveCfg = Debug|Any CPU
		{897C92A9-573B-41E5-B941-47ED4C6CB5F5}.Debug|Any CPU.Build.0 = Debug|Any CPU
		{897C92A9-573B-41E5-B941-47ED4C6CB5F5}.Release|Any CPU.ActiveCfg = Release|Any CPU
		{897C92A9-573B-41E5-B941-47ED4C6CB5F5}.Release|Any CPU.Build.0 = Release|Any CPU
		{85B67E28-7684-4F1C-8901-CB7C1B92BBB5}.Debug|Any CPU.ActiveCfg = Debug|Any CPU
		{85B67E28-7684-4F1C-8901-CB7C1B92BBB5}.Debug|Any CPU.Build.0 = Debug|Any CPU
		{85B67E28-7684-4F1C-8901-CB7C1B92BBB5}.Release|Any CPU.ActiveCfg = Release|Any CPU
		{85B67E28-7684-4F1C-8901-CB7C1B92BBB5}.Release|Any CPU.Build.0 = Release|Any CPU
		{25E807D0-BFE8-4A56-8328-8BB16553BE16}.Debug|Any CPU.ActiveCfg = Debug|Any CPU
		{25E807D0-BFE8-4A56-8328-8BB16553BE16}.Debug|Any CPU.Build.0 = Debug|Any CPU
		{25E807D0-BFE8-4A56-8328-8BB16553BE16}.Release|Any CPU.ActiveCfg = Release|Any CPU
		{25E807D0-BFE8-4A56-8328-8BB16553BE16}.Release|Any CPU.Build.0 = Release|Any CPU
		{245B3032-4DB2-4761-A141-CC54AFB82A7A}.Debug|Any CPU.ActiveCfg = Debug|Any CPU
		{245B3032-4DB2-4761-A141-CC54AFB82A7A}.Debug|Any CPU.Build.0 = Debug|Any CPU
		{245B3032-4DB2-4761-A141-CC54AFB82A7A}.Release|Any CPU.ActiveCfg = Release|Any CPU
		{245B3032-4DB2-4761-A141-CC54AFB82A7A}.Release|Any CPU.Build.0 = Release|Any CPU
		{DAF70BFF-33A6-48D2-BC11-59AEE617421E}.Debug|Any CPU.ActiveCfg = Debug|Any CPU
		{DAF70BFF-33A6-48D2-BC11-59AEE617421E}.Debug|Any CPU.Build.0 = Debug|Any CPU
		{DAF70BFF-33A6-48D2-BC11-59AEE617421E}.Release|Any CPU.ActiveCfg = Release|Any CPU
		{DAF70BFF-33A6-48D2-BC11-59AEE617421E}.Release|Any CPU.Build.0 = Release|Any CPU
		{F43C23AE-7453-44BE-8F1C-16B6748337D5}.Debug|Any CPU.ActiveCfg = Debug|Any CPU
		{F43C23AE-7453-44BE-8F1C-16B6748337D5}.Debug|Any CPU.Build.0 = Debug|Any CPU
		{F43C23AE-7453-44BE-8F1C-16B6748337D5}.Release|Any CPU.ActiveCfg = Release|Any CPU
		{F43C23AE-7453-44BE-8F1C-16B6748337D5}.Release|Any CPU.Build.0 = Release|Any CPU
	EndGlobalSection
	GlobalSection(SolutionProperties) = preSolution
		HideSolutionNode = FALSE
	EndGlobalSection
	GlobalSection(NestedProjects) = preSolution
		{897C92A9-573B-41E5-B941-47ED4C6CB5F5} = {56D95E41-148B-4597-96C1-A8DF85CE371D}
		{85B67E28-7684-4F1C-8901-CB7C1B92BBB5} = {56D95E41-148B-4597-96C1-A8DF85CE371D}
		{25E807D0-BFE8-4A56-8328-8BB16553BE16} = {47C3CAB2-F842-4AB2-BDB7-984DEFB9EBD4}
		{245B3032-4DB2-4761-A141-CC54AFB82A7A} = {455FF65C-EA97-4F6D-BF13-8059EA7F610A}
		{DAF70BFF-33A6-48D2-BC11-59AEE617421E} = {455FF65C-EA97-4F6D-BF13-8059EA7F610A}
		{F43C23AE-7453-44BE-8F1C-16B6748337D5} = {342473A4-3877-405C-9C76-9D75F78E45FC}
	EndGlobalSection
	GlobalSection(ExtensibilityGlobals) = postSolution
		SolutionGuid = {B55B5856-9771-4C60-9665-6EAA2C0C48B4}
	EndGlobalSection
EndGlobal
